PODS:
  - DXFoundation (0.0.9)
  - Funcussion (0.1.1)
  - Kiwi (2.0.5)
  - MBProgressHUD (0.5)
  - PSTCollectionView (0.0.1)

DEPENDENCIES:
  - DXFoundation
  - Funcussion
  - Kiwi
  - MBProgressHUD
  - PSTCollectionView

SPEC CHECKSUMS:
  DXFoundation: 4d0ffbc519a6958e352d06ea9ec1a364249d4e37
  Funcussion: f8383c7db59d37a4f6c75e787e6e41e1b0d2a792
  Kiwi: 89ade77eb49c889178cb2779e02514a7b9b9449e
  MBProgressHUD: b23ee11c42253d6d804e8e0bfabdc334e8b2571f
  PSTCollectionView: 5461a4fbe17eb1e2d2fa7388105e708deb6dd1e7

COCOAPODS: 0.20.2
